# Local Windows adapter environment: Python 3.12.14.
# Read-only shared base: existing XLD AI site-packages (torch 2.11.0+cu128,
# numpy/librosa/scipy/soundfile/matplotlib). Install these additions with --no-deps.
piano-transcription-inference @ https://github.com/xavriley/piano_transcription_inference/archive/7568dc7f78b625e40cf9776e2806d164006610e3.zip
torchlibrosa==0.1.0
pretty-midi==0.2.11
mido==1.3.3
resampy==0.4.3
importlib-resources==6.5.2

# R1 (2026-09-18): Transkun V2 piano adapter, installed with --no-deps into this environment.
# The pip package ships its checkpoint (pretrained/2.0.pt, sha256 50a80010...) and conf.
transkun==2.0.1
moduleconf==0.1.4
# Not installed on purpose: ncls (dataset/training only, no cp312 wheel), pydub (runner reads audio
# with soundfile), seaborn/tensorboard/torch-optimizer (training only). soxr stays at the pre-existing
# 0.5.0.post1; stems are 44.1 kHz so Transkun does not resample.
